# This file is automatically @generated by Cargo.
# It is not intended for manual editing.
version = 4

[[package]]
name = "active-memory"
version = "0.1.0"

[[package]]
name = "event-log"
version = "0.1.0"

[[package]]
name = "governance-wrapper"
version = "0.1.0"

[[package]]
name = "registry-service"
version = "0.1.0"
